
Microsoft Visual Studio Solution File, Format Version 12.00
# Visual Studio Version 17
VisualStudioVersion = 17.11.35303.130
MinimumVisualStudioVersion = 10.0.40219.1
Project("{9A19103F-16F7-4668-BE54-9A1E7A4F7556}") = "WpfJikken5", "WpfJikken5.csproj", "{D3E9EF52-B865-4292-AB01-81EBC6E804BA}"
EndProject
Global
	GlobalSection(SolutionConfigurationPlatforms) = preSolution
		Debug|Any CPU = Debug|Any CPU
		Release|Any CPU = Release|Any CPU
	EndGlobalSection
	GlobalSection(ProjectConfigurationPlatforms) = postSolution
		{D3E9EF52-B865-4292-AB01-81EBC6E804BA}.Debug|Any CPU.ActiveCfg = Debug|Any CPU
		{D3E9EF52-B865-4292-AB01-81EBC6E804BA}.Debug|Any CPU.Build.0 = Debug|Any CPU
		{D3E9EF52-B865-4292-AB01-81EBC6E804BA}.Release|Any CPU.ActiveCfg = Release|Any CPU
		{D3E9EF52-B865-4292-AB01-81EBC6E804BA}.Release|Any CPU.Build.0 = Release|Any CPU
	EndGlobalSection
	GlobalSection(SolutionProperties) = preSolution
		HideSolutionNode = FALSE
	EndGlobalSection
	GlobalSection(ExtensibilityGlobals) = postSolution
		SolutionGuid = {4AC41638-C34F-4D7C-8C1F-9DE0A900A719}
	EndGlobalSection
EndGlobal
